
Microsoft Visual Studio Solution File, Format Version 12.00
# Visual Studio Version 17
VisualStudioVersion = 17.12.35707.178
MinimumVisualStudioVersion = 10.0.40219.1
Project("{FAE04EC0-301F-11D3-BF4B-00C04F79EFBC}") = "NZWalks.API", "NZWalks.API\NZWalks.API.csproj", "{68D83844-524B-408A-8E38-90AF29651977}"
EndProject
Project("{FAE04EC0-301F-11D3-BF4B-00C04F79EFBC}") = "NZWalks.Web", "NZWalks.Web\NZWalks.Web.csproj", "{04D33EA6-807E-4721-A055-1B0FBD754135}"
EndProject
Global
	GlobalSection(SolutionConfigurationPlatforms) = preSolution
		Debug|Any CPU = Debug|Any CPU
		Release|Any CPU = Release|Any CPU
	EndGlobalSection
	GlobalSection(ProjectConfigurationPlatforms) = postSolution
		{68D83844-524B-408A-8E38-90AF29651977}.Debug|Any CPU.ActiveCfg = Debug|Any CPU
		{68D83844-524B-408A-8E38-90AF29651977}.Debug|Any CPU.Build.0 = Debug|Any CPU
		{68D83844-524B-408A-8E38-90AF29651977}.Release|Any CPU.ActiveCfg = Release|Any CPU
		{68D83844-524B-408A-8E38-90AF29651977}.Release|Any CPU.Build.0 = Release|Any CPU
		{04D33EA6-807E-4721-A055-1B0FBD754135}.Debug|Any CPU.ActiveCfg = Debug|Any CPU
		{04D33EA6-807E-4721-A055-1B0FBD754135}.Debug|Any CPU.Build.0 = Debug|Any CPU
		{04D33EA6-807E-4721-A055-1B0FBD754135}.Release|Any CPU.ActiveCfg = Release|Any CPU
		{04D33EA6-807E-4721-A055-1B0FBD754135}.Release|Any CPU.Build.0 = Release|Any CPU
	EndGlobalSection
	GlobalSection(SolutionProperties) = preSolution
		HideSolutionNode = FALSE
	EndGlobalSection
EndGlobal
